
Microsoft Visual Studio Solution File, Format Version 12.00
# Visual Studio 15
VisualStudioVersion = 15.0.26430.13
MinimumVisualStudioVersion = 10.0.40219.1
Project("{2150E333-8FDC-42A3-9474-1A3956D46DE8}") = "src", "src", "{2C4E40D4-7616-4F0C-B200-914BE4767C12}"
EndProject
Project("{FAE04EC0-301F-11D3-BF4B-00C04F79EFBC}") = "SearchableComboBox.UWP", "src\SearchableComboBox.UWP\SearchableComboBox.UWP.csproj", "{7060B7E8-738F-418C-9C68-5D9B3CD59C4B}"
EndProject
Project("{2150E333-8FDC-42A3-9474-1A3956D46DE8}") = "samples", "samples", "{16D2EE2E-6338-4B5E-B280-CC169E3F6437}"
EndProject
Project("{FAE04EC0-301F-11D3-BF4B-00C04F79EFBC}") = "SearchableComboBox.UWP.Sample", "samples\SearchableComboBox.UWP.Sample\SearchableComboBox.UWP.Sample.csproj", "{230F1982-5107-41A8-B109-933F48B15302}"
EndProject
Global
	GlobalSection(SolutionConfigurationPlatforms) = preSolution
		Debug|Any CPU = Debug|Any CPU
		Debug|ARM = Debug|ARM
		Debug|x64 = Debug|x64
		Debug|x86 = Debug|x86
		Release|Any CPU = Release|Any CPU
		Release|ARM = Release|ARM
		Release|x64 = Release|x64
		Release|x86 = Release|x86
	EndGlobalSection
	GlobalSection(ProjectConfigurationPlatforms) = postSolution
		{7060B7E8-738F-418C-9C68-5D9B3CD59C4B}.Debug|Any CPU.ActiveCfg = Debug|Any CPU
		{7060B7E8-738F-418C-9C68-5D9B3CD59C4B}.Debug|Any CPU.Build.0 = Debug|Any CPU
		{7060B7E8-738F-418C-9C68-5D9B3CD59C4B}.Debug|ARM.ActiveCfg = Debug|ARM
		{7060B7E8-738F-418C-9C68-5D9B3CD59C4B}.Debug|ARM.Build.0 = Debug|ARM
		{7060B7E8-738F-418C-9C68-5D9B3CD59C4B}.Debug|x64.ActiveCfg = Debug|x64
		{7060B7E8-738F-418C-9C68-5D9B3CD59C4B}.Debug|x64.Build.0 = Debug|x64
		{7060B7E8-738F-418C-9C68-5D9B3CD59C4B}.Debug|x86.ActiveCfg = Debug|x86
		{7060B7E8-738F-418C-9C68-5D9B3CD59C4B}.Debug|x86.Build.0 = Debug|x86
		{7060B7E8-738F-418C-9C68-5D9B3CD59C4B}.Release|Any CPU.ActiveCfg = Release|Any CPU
		{7060B7E8-738F-418C-9C68-5D9B3CD59C4B}.Release|Any CPU.Build.0 = Release|Any CPU
		{7060B7E8-738F-418C-9C68-5D9B3CD59C4B}.Release|ARM.ActiveCfg = Release|ARM
		{7060B7E8-738F-418C-9C68-5D9B3CD59C4B}.Release|ARM.Build.0 = Release|ARM
		{7060B7E8-738F-418C-9C68-5D9B3CD59C4B}.Release|x64.ActiveCfg = Release|x64
		{7060B7E8-738F-418C-9C68-5D9B3CD59C4B}.Release|x64.Build.0 = Release|x64
		{7060B7E8-738F-418C-9C68-5D9B3CD59C4B}.Release|x86.ActiveCfg = Release|x86
		{7060B7E8-738F-418C-9C68-5D9B3CD59C4B}.Release|x86.Build.0 = Release|x86
		{230F1982-5107-41A8-B109-933F48B15302}.Debug|Any CPU.ActiveCfg = Debug|x86
		{230F1982-5107-41A8-B109-933F48B15302}.Debug|Any CPU.Build.0 = Debug|x86
		{230F1982-5107-41A8-B109-933F48B15302}.Debug|Any CPU.Deploy.0 = Debug|x86
		{230F1982-5107-41A8-B109-933F48B15302}.Debug|ARM.ActiveCfg = Debug|ARM
		{230F1982-5107-41A8-B109-933F48B15302}.Debug|ARM.Build.0 = Debug|ARM
		{230F1982-5107-41A8-B109-933F48B15302}.Debug|ARM.Deploy.0 = Debug|ARM
		{230F1982-5107-41A8-B109-933F48B15302}.Debug|x64.ActiveCfg = Debug|x64
		{230F1982-5107-41A8-B109-933F48B15302}.Debug|x64.Build.0 = Debug|x64
		{230F1982-5107-41A8-B109-933F48B15302}.Debug|x64.Deploy.0 = Debug|x64
		{230F1982-5107-41A8-B109-933F48B15302}.Debug|x86.ActiveCfg = Debug|x86
		{230F1982-5107-41A8-B109-933F48B15302}.Debug|x86.Build.0 = Debug|x86
		{230F1982-5107-41A8-B109-933F48B15302}.Debug|x86.Deploy.0 = Debug|x86
		{230F1982-5107-41A8-B109-933F48B15302}.Release|Any CPU.ActiveCfg = Release|x86
		{230F1982-5107-41A8-B109-933F48B15302}.Release|ARM.ActiveCfg = Release|ARM
		{230F1982-5107-41A8-B109-933F48B15302}.Release|ARM.Build.0 = Release|ARM
		{230F1982-5107-41A8-B109-933F48B15302}.Release|ARM.Deploy.0 = Release|ARM
		{230F1982-5107-41A8-B109-933F48B15302}.Release|x64.ActiveCfg = Release|x64
		{230F1982-5107-41A8-B109-933F48B15302}.Release|x64.Build.0 = Release|x64
		{230F1982-5107-41A8-B109-933F48B15302}.Release|x64.Deploy.0 = Release|x64
		{230F1982-5107-41A8-B109-933F48B15302}.Release|x86.ActiveCfg = Release|x86
		{230F1982-5107-41A8-B109-933F48B15302}.Release|x86.Build.0 = Release|x86
		{230F1982-5107-41A8-B109-933F48B15302}.Release|x86.Deploy.0 = Release|x86
	EndGlobalSection
	GlobalSection(SolutionProperties) = preSolution
		HideSolutionNode = FALSE
	EndGlobalSection
	GlobalSection(NestedProjects) = preSolution
		{7060B7E8-738F-418C-9C68-5D9B3CD59C4B} = {2C4E40D4-7616-4F0C-B200-914BE4767C12}
		{230F1982-5107-41A8-B109-933F48B15302} = {16D2EE2E-6338-4B5E-B280-CC169E3F6437}
	EndGlobalSection
	GlobalSection(ExtensibilityGlobals) = postSolution
		SolutionGuid = {DFAE97D0-6427-4376-A65E-EF80E714D91B}
	EndGlobalSection
EndGlobal
